
Microsoft Visual Studio Solution File, Format Version 12.00
Project("{FAE04EC0-301F-11D3-BF4B-00C04F79EFBC}") = "SerialDeserial.Library", "SerialDeserial.Library\SerialDeserial.Library.csproj", "{1892C91B-3266-47E7-83F8-74ACA36DC27B}"
EndProject
Project("{FAE04EC0-301F-11D3-BF4B-00C04F79EFBC}") = "SerialDeserial.ConsoleTest", "SerialDeserial.ConsoleTest\SerialDeserial.ConsoleTest.csproj", "{B5D11BCC-95E9-4E5B-A02D-0C79F1385E38}"
EndProject
Global
	GlobalSection(SolutionConfigurationPlatforms) = preSolution
		Debug|Any CPU = Debug|Any CPU
		Release|Any CPU = Release|Any CPU
	EndGlobalSection
	GlobalSection(ProjectConfigurationPlatforms) = postSolution
		{1892C91B-3266-47E7-83F8-74ACA36DC27B}.Debug|Any CPU.ActiveCfg = Debug|Any CPU
		{1892C91B-3266-47E7-83F8-74ACA36DC27B}.Debug|Any CPU.Build.0 = Debug|Any CPU
		{1892C91B-3266-47E7-83F8-74ACA36DC27B}.Release|Any CPU.ActiveCfg = Release|Any CPU
		{1892C91B-3266-47E7-83F8-74ACA36DC27B}.Release|Any CPU.Build.0 = Release|Any CPU
		{B5D11BCC-95E9-4E5B-A02D-0C79F1385E38}.Debug|Any CPU.ActiveCfg = Debug|Any CPU
		{B5D11BCC-95E9-4E5B-A02D-0C79F1385E38}.Debug|Any CPU.Build.0 = Debug|Any CPU
		{B5D11BCC-95E9-4E5B-A02D-0C79F1385E38}.Release|Any CPU.ActiveCfg = Release|Any CPU
		{B5D11BCC-95E9-4E5B-A02D-0C79F1385E38}.Release|Any CPU.Build.0 = Release|Any CPU
	EndGlobalSection
EndGlobal
